{
  "name": "node-orvibo-2",
  "version": "1.1.3",
  "lockfileVersion": 1,
  "requires": true,
  "dependencies": {
    "args-js": {
      "version": "0.10.12",
      "resolved": "https://registry.npmjs.org/args-js/-/args-js-0.10.12.tgz",
      "integrity": "sha1-oyeuqA5BByo9hfnCdNtlEeuV5Jw="
    },
    "debug": {
      "version": "2.6.9",
      "resolved": "https://registry.npmjs.org/debug/-/debug-2.6.9.tgz",
      "integrity": "sha512-bC7ElrdJaJnPbAP+1EotYvqZsb3ecl5wi6Bfi6BJTUcNowp6cvspg0jXznRTKDjm/E7AdgFBVeAPVMNcKGsHMA==",
      "requires": {
        "ms": "2.0.0"
      }
    },
    "depd": {
      "version": "1.1.0",
      "resolved": "https://registry.npmjs.org/depd/-/depd-1.1.0.tgz",
      "integrity": "sha1-4b2Cxqq2ztlluXuIsX7T5SjKGMM="
    },
    "ip": {
      "version": "1.1.5",
      "resolved": "https://registry.npmjs.org/ip/-/ip-1.1.5.tgz",
      "integrity": "sha1-vd7XARQpCCjAoDnnLvJfWq7ENUo="
    },
    "jonah": {
      "version": "0.0.2",
      "resolved": "https://registry.npmjs.org/jonah/-/jonah-0.0.2.tgz",
      "integrity": "sha1-1UumAVog1C3YONibImMXms9ibns="
    },
    "lodash": {
      "version": "3.10.1",
      "resolved": "https://registry.npmjs.org/lodash/-/lodash-3.10.1.tgz",
      "integrity": "sha1-W/Rejkm6QYnhfUgnid/RW9FAt7Y="
    },
    "moment": {
      "version": "2.24.0",
      "resolved": "https://registry.npmjs.org/moment/-/moment-2.24.0.tgz",
      "integrity": "sha512-bV7f+6l2QigeBBZSM/6yTNq4P2fNpSWj/0e7jQcy87A8e7o2nAfP/34/2ky5Vw4B9S446EtIhodAzkFCcR4dQg=="
    },
    "ms": {
      "version": "2.0.0",
      "resolved": "https://registry.npmjs.org/ms/-/ms-2.0.0.tgz",
      "integrity": "sha1-VgiurfwAvmwpAd9fmGF4jeDVl8g="
    },
    "sleep-promise": {
      "version": "8.0.1",
      "resolved": "https://registry.npmjs.org/sleep-promise/-/sleep-promise-8.0.1.tgz",
      "integrity": "sha1-jXlaJ+ojlT32tSuRCB5eImZZk8U="
    },
    "validator": {
      "version": "4.9.0",
      "resolved": "https://registry.npmjs.org/validator/-/validator-4.9.0.tgz",
      "integrity": "sha1-CC/84qdhSP8HqOienCukOq8S7Ew=",
      "requires": {
        "depd": "1.1.0"
      }
    }
  }
}
